{
  "nodes": {
    "guix-overlay": {
      "inputs": {
        "nixpkgs": "nixpkgs"
      },
      "locked": {
        "lastModified": 1671581861,
        "narHash": "sha256-tj6mhEHpvVXz38DtnYytq9IzWm0qX/ie0IuPyLkQUe4=",
        "owner": "foo-dogsquared",
        "repo": "nix-overlay-guix",
        "rev": "6ea748a541fa994058de94903fd1adaa3e1f6a8a",
        "type": "github"
      },
      "original": {
        "owner": "foo-dogsquared",
        "repo": "nix-overlay-guix",
        "type": "github"
      }
    },
    "nixpkgs": {
      "locked": {
        "lastModified": 1665763903,
        "narHash": "sha256-znGWY4x688cZ3Ii01qLnhl+mSKpQ9iCufGxfdV6oBOc=",
        "owner": "NixOS",
        "repo": "nixpkgs",
        "rev": "78a37aa630faa41944060a966607d4f1128ea94b",
        "type": "github"
      },
      "original": {
        "owner": "NixOS",
        "ref": "nixos-22.05",
        "repo": "nixpkgs",
        "type": "github"
      }
    },
    "nixpkgs_2": {
      "locked": {
        "lastModified": 1697957990,
        "narHash": "sha256-LlyEQ4z1immaiZV+MQMUXM3KpNoRY/xZVm8mmN5j3yg=",
        "owner": "NixOS",
        "repo": "nixpkgs",
        "rev": "b3ddf9649fdac7db15aeea95cb3114c13594d265",
        "type": "github"
      },
      "original": {
        "owner": "NixOS",
        "ref": "nixos-23.05",
        "repo": "nixpkgs",
        "type": "github"
      }
    },
    "root": {
      "inputs": {
        "guix-overlay": "guix-overlay",
        "nixpkgs": "nixpkgs_2"
      }
    }
  },
  "root": "root",
  "version": 7
}
